
Microsoft Visual Studio Solution File, Format Version 12.00
# Visual Studio Version 17
VisualStudioVersion = 17.11.35303.130
MinimumVisualStudioVersion = 10.0.40219.1
Project("{9A19103F-16F7-4668-BE54-9A1E7A4F7556}") = "ICT3101_Calculator", "ICT3101_Calculator\ICT3101_Calculator.csproj", "{EF376130-0727-49E4-A480-B38D771D4F50}"
EndProject
Project("{9A19103F-16F7-4668-BE54-9A1E7A4F7556}") = "ICT3101_Calculator.UnitTests", "ICT3101_Calculator.UnitTests\ICT3101_Calculator.UnitTests.csproj", "{F52035F4-187B-4A2D-824D-FFBEFCB923E3}"
EndProject
Project("{FAE04EC0-301F-11D3-BF4B-00C04F79EFBC}") = "SpecFlowCalculatorTests", "SpecFlowCalculatorTests\SpecFlowCalculatorTests.csproj", "{6A37A54D-0B43-4176-869B-8A8543918CA3}"
EndProject
Global
	GlobalSection(SolutionConfigurationPlatforms) = preSolution
		Debug|Any CPU = Debug|Any CPU
		Release|Any CPU = Release|Any CPU
	EndGlobalSection
	GlobalSection(ProjectConfigurationPlatforms) = postSolution
		{EF376130-0727-49E4-A480-B38D771D4F50}.Debug|Any CPU.ActiveCfg = Debug|Any CPU
		{EF376130-0727-49E4-A480-B38D771D4F50}.Debug|Any CPU.Build.0 = Debug|Any CPU
		{EF376130-0727-49E4-A480-B38D771D4F50}.Release|Any CPU.ActiveCfg = Release|Any CPU
		{EF376130-0727-49E4-A480-B38D771D4F50}.Release|Any CPU.Build.0 = Release|Any CPU
		{F52035F4-187B-4A2D-824D-FFBEFCB923E3}.Debug|Any CPU.ActiveCfg = Debug|Any CPU
		{F52035F4-187B-4A2D-824D-FFBEFCB923E3}.Debug|Any CPU.Build.0 = Debug|Any CPU
		{F52035F4-187B-4A2D-824D-FFBEFCB923E3}.Release|Any CPU.ActiveCfg = Release|Any CPU
		{F52035F4-187B-4A2D-824D-FFBEFCB923E3}.Release|Any CPU.Build.0 = Release|Any CPU
		{6A37A54D-0B43-4176-869B-8A8543918CA3}.Debug|Any CPU.ActiveCfg = Debug|Any CPU
		{6A37A54D-0B43-4176-869B-8A8543918CA3}.Debug|Any CPU.Build.0 = Debug|Any CPU
		{6A37A54D-0B43-4176-869B-8A8543918CA3}.Release|Any CPU.ActiveCfg = Release|Any CPU
		{6A37A54D-0B43-4176-869B-8A8543918CA3}.Release|Any CPU.Build.0 = Release|Any CPU
	EndGlobalSection
	GlobalSection(SolutionProperties) = preSolution
		HideSolutionNode = FALSE
	EndGlobalSection
	GlobalSection(ExtensibilityGlobals) = postSolution
		SolutionGuid = {57F0FA3A-5629-4FE0-912D-3CB92A2C1058}
	EndGlobalSection
EndGlobal
